
Microsoft Visual Studio Solution File, Format Version 12.00
# Visual Studio Version 17
VisualStudioVersion = 17.9.34622.214
MinimumVisualStudioVersion = 10.0.40219.1
Project("{8BC9CEB8-8B4A-11D0-8D11-00A0C91BC942}") = "barwa", "barwa\barwa.vcxproj", "{BBFE3DD6-D2F0-4B4D-BFC8-6BB3CD442BFF}"
EndProject
Global
	GlobalSection(SolutionConfigurationPlatforms) = preSolution
		Debug|x64 = Debug|x64
		Debug|x86 = Debug|x86
		Release|x64 = Release|x64
		Release|x86 = Release|x86
	EndGlobalSection
	GlobalSection(ProjectConfigurationPlatforms) = postSolution
		{BBFE3DD6-D2F0-4B4D-BFC8-6BB3CD442BFF}.Debug|x64.ActiveCfg = Debug|x64
		{BBFE3DD6-D2F0-4B4D-BFC8-6BB3CD442BFF}.Debug|x64.Build.0 = Debug|x64
		{BBFE3DD6-D2F0-4B4D-BFC8-6BB3CD442BFF}.Debug|x86.ActiveCfg = Debug|Win32
		{BBFE3DD6-D2F0-4B4D-BFC8-6BB3CD442BFF}.Debug|x86.Build.0 = Debug|Win32
		{BBFE3DD6-D2F0-4B4D-BFC8-6BB3CD442BFF}.Release|x64.ActiveCfg = Release|x64
		{BBFE3DD6-D2F0-4B4D-BFC8-6BB3CD442BFF}.Release|x64.Build.0 = Release|x64
		{BBFE3DD6-D2F0-4B4D-BFC8-6BB3CD442BFF}.Release|x86.ActiveCfg = Release|Win32
		{BBFE3DD6-D2F0-4B4D-BFC8-6BB3CD442BFF}.Release|x86.Build.0 = Release|Win32
	EndGlobalSection
	GlobalSection(SolutionProperties) = preSolution
		HideSolutionNode = FALSE
	EndGlobalSection
	GlobalSection(ExtensibilityGlobals) = postSolution
		SolutionGuid = {FD6E640B-F5DA-4DD6-90C5-FEBCD5964C31}
	EndGlobalSection
EndGlobal
